// !$*UTF8*$!
{
	archiveVersion = 1;
	classes = {
	};
	objectVersion = 46;
	objects = {

/* Begin PBXBuildFile section */
		8CBD75B1DE74D4BD5804A489 /* libPods-demoForAnimation.a in Frameworks */ = {isa = PBXBuildFile; fileRef = 718CE3F779E2F1C2277D3763 /* libPods-demoForAnimation.a */; };
		931974631F04AD17006BD97A /* TestTireView.m in Sources */ = {isa = PBXBuildFile; fileRef = 931974621F04AD17006BD97A /* TestTireView.m */; };
		9333961F1EF2A1D400C5A1B7 /* main.m in Sources */ = {isa = PBXBuildFile; fileRef = 9333961E1EF2A1D400C5A1B7 /* main.m */; };
		933396221EF2A1D400C5A1B7 /* AppDelegate.m in Sources */ = {isa = PBXBuildFile; fileRef = 933396211EF2A1D400C5A1B7 /* AppDelegate.m */; };
		933396251EF2A1D400C5A1B7 /* ViewController.m in Sources */ = {isa = PBXBuildFile; fileRef = 933396241EF2A1D400C5A1B7 /* ViewController.m */; };
		933396281EF2A1D400C5A1B7 /* Main.storyboard in Resources */ = {isa = PBXBuildFile; fileRef = 933396261EF2A1D400C5A1B7 /* Main.storyboard */; };
		9333962A1EF2A1D400C5A1B7 /* Assets.xcassets in Resources */ = {isa = PBXBuildFile; fileRef = 933396291EF2A1D400C5A1B7 /* Assets.xcassets */; };
		9333962D1EF2A1D400C5A1B7 /* LaunchScreen.storyboard in Resources */ = {isa = PBXBuildFile; fileRef = 9333962B1EF2A1D400C5A1B7 /* LaunchScreen.storyboard */; };
		933396381EF2A1D400C5A1B7 /* demoForAnimationTests.m in Sources */ = {isa = PBXBuildFile; fileRef = 933396371EF2A1D400C5A1B7 /* demoForAnimationTests.m */; };
		933396431EF2A1D500C5A1B7 /* demoForAnimationUITests.m in Sources */ = {isa = PBXBuildFile; fileRef = 933396421EF2A1D500C5A1B7 /* demoForAnimationUITests.m */; };
		935713C31F04C33200620165 /* LiveHelicopter.m in Sources */ = {isa = PBXBuildFile; fileRef = 935713C21F04C33200620165 /* LiveHelicopter.m */; };
		935713C51F04C3C600620165 /* helicopter in Resources */ = {isa = PBXBuildFile; fileRef = 935713C41F04C3C600620165 /* helicopter */; };
		93AF4CBA1EF7B18D00F604CB /* LiveNativeGift.m in Sources */ = {isa = PBXBuildFile; fileRef = 93AF4CB91EF7B18D00F604CB /* LiveNativeGift.m */; };
		A10F32041EF2E82A004C5022 /* LiveGiftFerrari.m in Sources */ = {isa = PBXBuildFile; fileRef = A10F32031EF2E82A004C5022 /* LiveGiftFerrari.m */; };
		A10F32061EF2E8C3004C5022 /* car in Resources */ = {isa = PBXBuildFile; fileRef = A10F32051EF2E8C3004C5022 /* car */; };
/* End PBXBuildFile section */

/* Begin PBXContainerItemProxy section */
		933396341EF2A1D400C5A1B7 /* PBXContainerItemProxy */ = {
			isa = PBXContainerItemProxy;
			containerPortal = 933396121EF2A1D400C5A1B7 /* Project object */;
			proxyType = 1;
			remoteGlobalIDString = 933396191EF2A1D400C5A1B7;
			remoteInfo = demoForAnimation;
		};
		9333963F1EF2A1D500C5A1B7 /* PBXContainerItemProxy */ = {
			isa = PBXContainerItemProxy;
			containerPortal = 933396121EF2A1D400C5A1B7 /* Project object */;
			proxyType = 1;
			remoteGlobalIDString = 933396191EF2A1D400C5A1B7;
			remoteInfo = demoForAnimation;
		};
/* End PBXContainerItemProxy section */

/* Begin PBXFileReference section */
		718CE3F779E2F1C2277D3763 /* libPods-demoForAnimation.a */ = {isa = PBXFileReference; explicitFileType = archive.ar; includeInIndex = 0; path = "libPods-demoForAnimation.a"; sourceTree = BUILT_PRODUCTS_DIR; };
		931974611F04AD17006BD97A /* TestTireView.h */ = {isa = PBXFileReference; fileEncoding = 4; lastKnownFileType = sourcecode.c.h; path = TestTireView.h; sourceTree = "<group>"; };
		931974621F04AD17006BD97A /* TestTireView.m */ = {isa = PBXFileReference; fileEncoding = 4; lastKnownFileType = sourcecode.c.objc; path = TestTireView.m; sourceTree = "<group>"; };
		9333961A1EF2A1D400C5A1B7 /* demoForAnimation.app */ = {isa = PBXFileReference; explicitFileType = wrapper.application; includeInIndex = 0; path = demoForAnimation.app; sourceTree = BUILT_PRODUCTS_DIR; };
		9333961E1EF2A1D400C5A1B7 /* main.m */ = {isa = PBXFileReference; lastKnownFileType = sourcecode.c.objc; path = main.m; sourceTree = "<group>"; };
		933396201EF2A1D400C5A1B7 /* AppDelegate.h */ = {isa = PBXFileReference; lastKnownFileType = sourcecode.c.h; path = AppDelegate.h; sourceTree = "<group>"; };
		933396211EF2A1D400C5A1B7 /* AppDelegate.m */ = {isa = PBXFileReference; lastKnownFileType = sourcecode.c.objc; path = AppDelegate.m; sourceTree = "<group>"; };
		933396231EF2A1D400C5A1B7 /* ViewController.h */ = {isa = PBXFileReference; lastKnownFileType = sourcecode.c.h; path = ViewController.h; sourceTree = "<group>"; };
		933396241EF2A1D400C5A1B7 /* ViewController.m */ = {isa = PBXFileReference; lastKnownFileType = sourcecode.c.objc; path = ViewController.m; sourceTree = "<group>"; };
		933396271EF2A1D400C5A1B7 /* Base */ = {isa = PBXFileReference; lastKnownFileType = file.storyboard; name = Base; path = Base.lproj/Main.storyboard; sourceTree = "<group>"; };
		933396291EF2A1D400C5A1B7 /* Assets.xcassets */ = {isa = PBXFileReference; lastKnownFileType = folder.assetcatalog; path = Assets.xcassets; sourceTree = "<group>"; };
		9333962C1EF2A1D400C5A1B7 /* Base */ = {isa = PBXFileReference; lastKnownFileType = file.storyboard; name = Base; path = Base.lproj/LaunchScreen.storyboard; sourceTree = "<group>"; };
		9333962E1EF2A1D400C5A1B7 /* Info.plist */ = {isa = PBXFileReference; lastKnownFileType = text.plist.xml; path = Info.plist; sourceTree = "<group>"; };
		933396331EF2A1D400C5A1B7 /* demoForAnimationTests.xctest */ = {isa = PBXFileReference; explicitFileType = wrapper.cfbundle; includeInIndex = 0; path = demoForAnimationTests.xctest; sourceTree = BUILT_PRODUCTS_DIR; };
		933396371EF2A1D400C5A1B7 /* demoForAnimationTests.m */ = {isa = PBXFileReference; lastKnownFileType = sourcecode.c.objc; path = demoForAnimationTests.m; sourceTree = "<group>"; };
		933396391EF2A1D400C5A1B7 /* Info.plist */ = {isa = PBXFileReference; lastKnownFileType = text.plist.xml; path = Info.plist; sourceTree = "<group>"; };
		9333963E1EF2A1D500C5A1B7 /* demoForAnimationUITests.xctest */ = {isa = PBXFileReference; explicitFileType = wrapper.cfbundle; includeInIndex = 0; path = demoForAnimationUITests.xctest; sourceTree = BUILT_PRODUCTS_DIR; };
		933396421EF2A1D500C5A1B7 /* demoForAnimationUITests.m */ = {isa = PBXFileReference; lastKnownFileType = sourcecode.c.objc; path = demoForAnimationUITests.m; sourceTree = "<group>"; };
		933396441EF2A1D500C5A1B7 /* Info.plist */ = {isa = PBXFileReference; lastKnownFileType = text.plist.xml; path = Info.plist; sourceTree = "<group>"; };
		935713C11F04C33200620165 /* LiveHelicopter.h */ = {isa = PBXFileReference; fileEncoding = 4; lastKnownFileType = sourcecode.c.h; path = LiveHelicopter.h; sourceTree = "<group>"; };
		935713C21F04C33200620165 /* LiveHelicopter.m */ = {isa = PBXFileReference; fileEncoding = 4; lastKnownFileType = sourcecode.c.objc; path = LiveHelicopter.m; sourceTree = "<group>"; };
		935713C41F04C3C600620165 /* helicopter */ = {isa = PBXFileReference; lastKnownFileType = folder; path = helicopter; sourceTree = "<group>"; };
		93AF4CB81EF7B18D00F604CB /* LiveNativeGift.h */ = {isa = PBXFileReference; fileEncoding = 4; lastKnownFileType = sourcecode.c.h; path = LiveNativeGift.h; sourceTree = "<group>"; };
		93AF4CB91EF7B18D00F604CB /* LiveNativeGift.m */ = {isa = PBXFileReference; fileEncoding = 4; lastKnownFileType = sourcecode.c.objc; path = LiveNativeGift.m; sourceTree = "<group>"; };
		A10F32021EF2E82A004C5022 /* LiveGiftFerrari.h */ = {isa = PBXFileReference; fileEncoding = 4; lastKnownFileType = sourcecode.c.h; path = LiveGiftFerrari.h; sourceTree = "<group>"; };
		A10F32031EF2E82A004C5022 /* LiveGiftFerrari.m */ = {isa = PBXFileReference; fileEncoding = 4; lastKnownFileType = sourcecode.c.objc; path = LiveGiftFerrari.m; sourceTree = "<group>"; };
		A10F32051EF2E8C3004C5022 /* car */ = {isa = PBXFileReference; lastKnownFileType = folder; path = car; sourceTree = "<group>"; };
		B8780391D235C6A6D05EDF09 /* Pods-demoForAnimation.release.xcconfig */ = {isa = PBXFileReference; includeInIndex = 1; lastKnownFileType = text.xcconfig; name = "Pods-demoForAnimation.release.xcconfig"; path = "Pods/Target Support Files/Pods-demoForAnimation/Pods-demoForAnimation.release.xcconfig"; sourceTree = "<group>"; };
		EACE510EEC1CBDDAD9BE4FD0 /* Pods-demoForAnimation.debug.xcconfig */ = {isa = PBXFileReference; includeInIndex = 1; lastKnownFileType = text.xcconfig; name = "Pods-demoForAnimation.debug.xcconfig"; path = "Pods/Target Support Files/Pods-demoForAnimation/Pods-demoForAnimation.debug.xcconfig"; sourceTree = "<group>"; };
/* End PBXFileReference section */

/* Begin PBXFrameworksBuildPhase section */
		933396171EF2A1D400C5A1B7 /* Frameworks */ = {
			isa = PBXFrameworksBuildPhase;
			buildActionMask = 2147483647;
			files = (
				8CBD75B1DE74D4BD5804A489 /* libPods-demoForAnimation.a in Frameworks */,
			);
			runOnlyForDeploymentPostprocessing = 0;
		};
		933396301EF2A1D400C5A1B7 /* Frameworks */ = {
			isa = PBXFrameworksBuildPhase;
			buildActionMask = 2147483647;
			files = (
			);
			runOnlyForDeploymentPostprocessing = 0;
		};
		9333963B1EF2A1D500C5A1B7 /* Frameworks */ = {
			isa = PBXFrameworksBuildPhase;
			buildActionMask = 2147483647;
			files = (
			);
			runOnlyForDeploymentPostprocessing = 0;
		};
/* End PBXFrameworksBuildPhase section */

/* Begin PBXGroup section */
		933396111EF2A1D400C5A1B7 = {
			isa = PBXGroup;
			children = (
				935713C41F04C3C600620165 /* helicopter */,
				A10F32051EF2E8C3004C5022 /* car */,
				9333961C1EF2A1D400C5A1B7 /* demoForAnimation */,
				933396361EF2A1D400C5A1B7 /* demoForAnimationTests */,
				933396411EF2A1D500C5A1B7 /* demoForAnimationUITests */,
				9333961B1EF2A1D400C5A1B7 /* Products */,
				D1BFBDB189B025D1F41EBEA9 /* Pods */,
				E28BB417CC72DB19E8503E1E /* Frameworks */,
			);
			sourceTree = "<group>";
		};
		9333961B1EF2A1D400C5A1B7 /* Products */ = {
			isa = PBXGroup;
			children = (
				9333961A1EF2A1D400C5A1B7 /* demoForAnimation.app */,
				933396331EF2A1D400C5A1B7 /* demoForAnimationTests.xctest */,
				9333963E1EF2A1D500C5A1B7 /* demoForAnimationUITests.xctest */,
			);
			name = Products;
			sourceTree = "<group>";
		};
		9333961C1EF2A1D400C5A1B7 /* demoForAnimation */ = {
			isa = PBXGroup;
			children = (
				933396201EF2A1D400C5A1B7 /* AppDelegate.h */,
				933396211EF2A1D400C5A1B7 /* AppDelegate.m */,
				933396231EF2A1D400C5A1B7 /* ViewController.h */,
				93AF4CB81EF7B18D00F604CB /* LiveNativeGift.h */,
				93AF4CB91EF7B18D00F604CB /* LiveNativeGift.m */,
				933396241EF2A1D400C5A1B7 /* ViewController.m */,
				A10F32021EF2E82A004C5022 /* LiveGiftFerrari.h */,
				A10F32031EF2E82A004C5022 /* LiveGiftFerrari.m */,
				933396261EF2A1D400C5A1B7 /* Main.storyboard */,
				933396291EF2A1D400C5A1B7 /* Assets.xcassets */,
				9333962B1EF2A1D400C5A1B7 /* LaunchScreen.storyboard */,
				9333962E1EF2A1D400C5A1B7 /* Info.plist */,
				9333961D1EF2A1D400C5A1B7 /* Supporting Files */,
				931974611F04AD17006BD97A /* TestTireView.h */,
				931974621F04AD17006BD97A /* TestTireView.m */,
				935713C11F04C33200620165 /* LiveHelicopter.h */,
				935713C21F04C33200620165 /* LiveHelicopter.m */,
			);
			path = demoForAnimation;
			sourceTree = "<group>";
		};
		9333961D1EF2A1D400C5A1B7 /* Supporting Files */ = {
			isa = PBXGroup;
			children = (
				9333961E1EF2A1D400C5A1B7 /* main.m */,
			);
			name = "Supporting Files";
			sourceTree = "<group>";
		};
		933396361EF2A1D400C5A1B7 /* demoForAnimationTests */ = {
			isa = PBXGroup;
			children = (
				933396371EF2A1D400C5A1B7 /* demoForAnimationTests.m */,
				933396391EF2A1D400C5A1B7 /* Info.plist */,
			);
			path = demoForAnimationTests;
			sourceTree = "<group>";
		};
		933396411EF2A1D500C5A1B7 /* demoForAnimationUITests */ = {
			isa = PBXGroup;
			children = (
				933396421EF2A1D500C5A1B7 /* demoForAnimationUITests.m */,
				933396441EF2A1D500C5A1B7 /* Info.plist */,
			);
			path = demoForAnimationUITests;
			sourceTree = "<group>";
		};
		D1BFBDB189B025D1F41EBEA9 /* Pods */ = {
			isa = PBXGroup;
			children = (
				EACE510EEC1CBDDAD9BE4FD0 /* Pods-demoForAnimation.debug.xcconfig */,
				B8780391D235C6A6D05EDF09 /* Pods-demoForAnimation.release.xcconfig */,
			);
			name = Pods;
			sourceTree = "<group>";
		};
		E28BB417CC72DB19E8503E1E /* Frameworks */ = {
			isa = PBXGroup;
			children = (
				718CE3F779E2F1C2277D3763 /* libPods-demoForAnimation.a */,
			);
			name = Frameworks;
			sourceTree = "<group>";
		};
/* End PBXGroup section */

/* Begin PBXNativeTarget section */
		933396191EF2A1D400C5A1B7 /* demoForAnimation */ = {
			isa = PBXNativeTarget;
			buildConfigurationList = 933396471EF2A1D500C5A1B7 /* Build configuration list for PBXNativeTarget "demoForAnimation" */;
			buildPhases = (
				95284BBDE758627C2BB7675A /* [CP] Check Pods Manifest.lock */,
				933396161EF2A1D400C5A1B7 /* Sources */,
				933396171EF2A1D400C5A1B7 /* Frameworks */,
				933396181EF2A1D400C5A1B7 /* Resources */,
				38B3F92E9CA68E72E5E92E0B /* [CP] Embed Pods Frameworks */,
				6DF1A6638E184BAEE83E8BA8 /* [CP] Copy Pods Resources */,
			);
			buildRules = (
			);
			dependencies = (
			);
			name = demoForAnimation;
			productName = demoForAnimation;
			productReference = 9333961A1EF2A1D400C5A1B7 /* demoForAnimation.app */;
			productType = "com.apple.product-type.application";
		};
		933396321EF2A1D400C5A1B7 /* demoForAnimationTests */ = {
			isa = PBXNativeTarget;
			buildConfigurationList = 9333964A1EF2A1D500C5A1B7 /* Build configuration list for PBXNativeTarget "demoForAnimationTests" */;
			buildPhases = (
				9333962F1EF2A1D400C5A1B7 /* Sources */,
				933396301EF2A1D400C5A1B7 /* Frameworks */,
				933396311EF2A1D400C5A1B7 /* Resources */,
			);
			buildRules = (
			);
			dependencies = (
				933396351EF2A1D400C5A1B7 /* PBXTargetDependency */,
			);
			name = demoForAnimationTests;
			productName = demoForAnimationTests;
			productReference = 933396331EF2A1D400C5A1B7 /* demoForAnimationTests.xctest */;
			productType = "com.apple.product-type.bundle.unit-test";
		};
		9333963D1EF2A1D500C5A1B7 /* demoForAnimationUITests */ = {
			isa = PBXNativeTarget;
			buildConfigurationList = 9333964D1EF2A1D500C5A1B7 /* Build configuration list for PBXNativeTarget "demoForAnimationUITests" */;
			buildPhases = (
				9333963A1EF2A1D500C5A1B7 /* Sources */,
				9333963B1EF2A1D500C5A1B7 /* Frameworks */,
				9333963C1EF2A1D500C5A1B7 /* Resources */,
			);
			buildRules = (
			);
			dependencies = (
				933396401EF2A1D500C5A1B7 /* PBXTargetDependency */,
			);
			name = demoForAnimationUITests;
			productName = demoForAnimationUITests;
			productReference = 9333963E1EF2A1D500C5A1B7 /* demoForAnimationUITests.xctest */;
			productType = "com.apple.product-type.bundle.ui-testing";
		};
/* End PBXNativeTarget section */

/* Begin PBXProject section */
		933396121EF2A1D400C5A1B7 /* Project object */ = {
			isa = PBXProject;
			attributes = {
				LastUpgradeCheck = 0830;
				ORGANIZATIONNAME = lxc;
				TargetAttributes = {
					933396191EF2A1D400C5A1B7 = {
						CreatedOnToolsVersion = 8.3.2;
						DevelopmentTeam = 24UV6VXUR4;
						ProvisioningStyle = Automatic;
					};
					933396321EF2A1D400C5A1B7 = {
						CreatedOnToolsVersion = 8.3.2;
						DevelopmentTeam = 24UV6VXUR4;
						ProvisioningStyle = Automatic;
						TestTargetID = 933396191EF2A1D400C5A1B7;
					};
					9333963D1EF2A1D500C5A1B7 = {
						CreatedOnToolsVersion = 8.3.2;
						DevelopmentTeam = 24UV6VXUR4;
						ProvisioningStyle = Automatic;
						TestTargetID = 933396191EF2A1D400C5A1B7;
					};
				};
			};
			buildConfigurationList = 933396151EF2A1D400C5A1B7 /* Build configuration list for PBXProject "demoForAnimation" */;
			compatibilityVersion = "Xcode 3.2";
			developmentRegion = English;
			hasScannedForEncodings = 0;
			knownRegions = (
				en,
				Base,
			);
			mainGroup = 933396111EF2A1D400C5A1B7;
			productRefGroup = 9333961B1EF2A1D400C5A1B7 /* Products */;
			projectDirPath = "";
			projectRoot = "";
			targets = (
				933396191EF2A1D400C5A1B7 /* demoForAnimation */,
				933396321EF2A1D400C5A1B7 /* demoForAnimationTests */,
				9333963D1EF2A1D500C5A1B7 /* demoForAnimationUITests */,
			);
		};
/* End PBXProject section */

/* Begin PBXResourcesBuildPhase section */
		933396181EF2A1D400C5A1B7 /* Resources */ = {
			isa = PBXResourcesBuildPhase;
			buildActionMask = 2147483647;
			files = (
				9333962D1EF2A1D400C5A1B7 /* LaunchScreen.storyboard in Resources */,
				A10F32061EF2E8C3004C5022 /* car in Resources */,
				935713C51F04C3C600620165 /* helicopter in Resources */,
				9333962A1EF2A1D400C5A1B7 /* Assets.xcassets in Resources */,
				933396281EF2A1D400C5A1B7 /* Main.storyboard in Resources */,
			);
			runOnlyForDeploymentPostprocessing = 0;
		};
		933396311EF2A1D400C5A1B7 /* Resources */ = {
			isa = PBXResourcesBuildPhase;
			buildActionMask = 2147483647;
			files = (
			);
			runOnlyForDeploymentPostprocessing = 0;
		};
		9333963C1EF2A1D500C5A1B7 /* Resources */ = {
			isa = PBXResourcesBuildPhase;
			buildActionMask = 2147483647;
			files = (
			);
			runOnlyForDeploymentPostprocessing = 0;
		};
/* End PBXResourcesBuildPhase section */

/* Begin PBXShellScriptBuildPhase section */
		38B3F92E9CA68E72E5E92E0B /* [CP] Embed Pods Frameworks */ = {
			isa = PBXShellScriptBuildPhase;
			buildActionMask = 2147483647;
			files = (
			);
			inputPaths = (
			);
			name = "[CP] Embed Pods Frameworks";
			outputPaths = (
			);
			runOnlyForDeploymentPostprocessing = 0;
			shellPath = /bin/sh;
			shellScript = "\"${SRCROOT}/Pods/Target Support Files/Pods-demoForAnimation/Pods-demoForAnimation-frameworks.sh\"\n";
			showEnvVarsInLog = 0;
		};
		6DF1A6638E184BAEE83E8BA8 /* [CP] Copy Pods Resources */ = {
			isa = PBXShellScriptBuildPhase;
			buildActionMask = 2147483647;
			files = (
			);
			inputPaths = (
			);
			name = "[CP] Copy Pods Resources";
			outputPaths = (
			);
			runOnlyForDeploymentPostprocessing = 0;
			shellPath = /bin/sh;
			shellScript = "\"${SRCROOT}/Pods/Target Support Files/Pods-demoForAnimation/Pods-demoForAnimation-resources.sh\"\n";
			showEnvVarsInLog = 0;
		};
		95284BBDE758627C2BB7675A /* [CP] Check Pods Manifest.lock */ = {
			isa = PBXShellScriptBuildPhase;
			buildActionMask = 2147483647;
			files = (
			);
			inputPaths = (
			);
			name = "[CP] Check Pods Manifest.lock";
			outputPaths = (
			);
			runOnlyForDeploymentPostprocessing = 0;
			shellPath = /bin/sh;
			shellScript = "diff \"${PODS_PODFILE_DIR_PATH}/Podfile.lock\" \"${PODS_ROOT}/Manifest.lock\" > /dev/null\nif [ $? != 0 ] ; then\n    # print error to STDERR\n    echo \"error: The sandbox is not in sync with the Podfile.lock. Run 'pod install' or update your CocoaPods installation.\" >&2\n    exit 1\nfi\n";
			showEnvVarsInLog = 0;
		};
/* End PBXShellScriptBuildPhase section */

/* Begin PBXSourcesBuildPhase section */
		933396161EF2A1D400C5A1B7 /* Sources */ = {
			isa = PBXSourcesBuildPhase;
			buildActionMask = 2147483647;
			files = (
				933396251EF2A1D400C5A1B7 /* ViewController.m in Sources */,
				A10F32041EF2E82A004C5022 /* LiveGiftFerrari.m in Sources */,
				931974631F04AD17006BD97A /* TestTireView.m in Sources */,
				933396221EF2A1D400C5A1B7 /* AppDelegate.m in Sources */,
				935713C31F04C33200620165 /* LiveHelicopter.m in Sources */,
				9333961F1EF2A1D400C5A1B7 /* main.m in Sources */,
				93AF4CBA1EF7B18D00F604CB /* LiveNativeGift.m in Sources */,
			);
			runOnlyForDeploymentPostprocessing = 0;
		};
		9333962F1EF2A1D400C5A1B7 /* Sources */ = {
			isa = PBXSourcesBuildPhase;
			buildActionMask = 2147483647;
			files = (
				933396381EF2A1D400C5A1B7 /* demoForAnimationTests.m in Sources */,
			);
			runOnlyForDeploymentPostprocessing = 0;
		};
		9333963A1EF2A1D500C5A1B7 /* Sources */ = {
			isa = PBXSourcesBuildPhase;
			buildActionMask = 2147483647;
			files = (
				933396431EF2A1D500C5A1B7 /* demoForAnimationUITests.m in Sources */,
			);
			runOnlyForDeploymentPostprocessing = 0;
		};
/* End PBXSourcesBuildPhase section */

/* Begin PBXTargetDependency section */
		933396351EF2A1D400C5A1B7 /* PBXTargetDependency */ = {
			isa = PBXTargetDependency;
			target = 933396191EF2A1D400C5A1B7 /* demoForAnimation */;
			targetProxy = 933396341EF2A1D400C5A1B7 /* PBXContainerItemProxy */;
		};
		933396401EF2A1D500C5A1B7 /* PBXTargetDependency */ = {
			isa = PBXTargetDependency;
			target = 933396191EF2A1D400C5A1B7 /* demoForAnimation */;
			targetProxy = 9333963F1EF2A1D500C5A1B7 /* PBXContainerItemProxy */;
		};
/* End PBXTargetDependency section */

/* Begin PBXVariantGroup section */
		933396261EF2A1D400C5A1B7 /* Main.storyboard */ = {
			isa = PBXVariantGroup;
			children = (
				933396271EF2A1D400C5A1B7 /* Base */,
			);
			name = Main.storyboard;
			sourceTree = "<group>";
		};
		9333962B1EF2A1D400C5A1B7 /* LaunchScreen.storyboard */ = {
			isa = PBXVariantGroup;
			children = (
				9333962C1EF2A1D400C5A1B7 /* Base */,
			);
			name = LaunchScreen.storyboard;
			sourceTree = "<group>";
		};
/* End PBXVariantGroup section */

/* Begin XCBuildConfiguration section */
		933396451EF2A1D500C5A1B7 /* Debug */ = {
			isa = XCBuildConfiguration;
			buildSettings = {
				ALWAYS_SEARCH_USER_PATHS = NO;
				CLANG_ANALYZER_NONNULL = YES;
				CLANG_ANALYZER_NUMBER_OBJECT_CONVERSION = YES_AGGRESSIVE;
				CLANG_CXX_LANGUAGE_STANDARD = "gnu++0x";
				CLANG_CXX_LIBRARY = "libc++";
				CLANG_ENABLE_MODULES = YES;
				CLANG_ENABLE_OBJC_ARC = YES;
				CLANG_WARN_BOOL_CONVERSION = YES;
				CLANG_WARN_CONSTANT_CONVERSION = YES;
				CLANG_WARN_DIRECT_OBJC_ISA_USAGE = YES_ERROR;
				CLANG_WARN_DOCUMENTATION_COMMENTS = YES;
				CLANG_WARN_EMPTY_BODY = YES;
				CLANG_WARN_ENUM_CONVERSION = YES;
				CLANG_WARN_INFINITE_RECURSION = YES;
				CLANG_WARN_INT_CONVERSION = YES;
				CLANG_WARN_OBJC_ROOT_CLASS = YES_ERROR;
				CLANG_WARN_SUSPICIOUS_MOVE = YES;
				CLANG_WARN_UNREACHABLE_CODE = YES;
				CLANG_WARN__DUPLICATE_METHOD_MATCH = YES;
				"CODE_SIGN_IDENTITY[sdk=iphoneos*]" = "iPhone Developer";
				COPY_PHASE_STRIP = NO;
				DEBUG_INFORMATION_FORMAT = dwarf;
				ENABLE_STRICT_OBJC_MSGSEND = YES;
				ENABLE_TESTABILITY = YES;
				GCC_C_LANGUAGE_STANDARD = gnu99;
				GCC_DYNAMIC_NO_PIC = NO;
				GCC_NO_COMMON_BLOCKS = YES;
				GCC_OPTIMIZATION_LEVEL = 0;
				GCC_PREPROCESSOR_DEFINITIONS = (
					"DEBUG=1",
					"$(inherited)",
				);
				GCC_WARN_64_TO_32_BIT_CONVERSION = YES;
				GCC_WARN_ABOUT_RETURN_TYPE = YES_ERROR;
				GCC_WARN_UNDECLARED_SELECTOR = YES;
				GCC_WARN_UNINITIALIZED_AUTOS = YES_AGGRESSIVE;
				GCC_WARN_UNUSED_FUNCTION = YES;
				GCC_WARN_UNUSED_VARIABLE = YES;
				IPHONEOS_DEPLOYMENT_TARGET = 10.3;
				MTL_ENABLE_DEBUG_INFO = YES;
				ONLY_ACTIVE_ARCH = YES;
				SDKROOT = iphoneos;
				TARGETED_DEVICE_FAMILY = "1,2";
			};
			name = Debug;
		};
		933396461EF2A1D500C5A1B7 /* Release */ = {
			isa = XCBuildConfiguration;
			buildSettings = {
				ALWAYS_SEARCH_USER_PATHS = NO;
				CLANG_ANALYZER_NONNULL = YES;
				CLANG_ANALYZER_NUMBER_OBJECT_CONVERSION = YES_AGGRESSIVE;
				CLANG_CXX_LANGUAGE_STANDARD = "gnu++0x";
				CLANG_CXX_LIBRARY = "libc++";
				CLANG_ENABLE_MODULES = YES;
				CLANG_ENABLE_OBJC_ARC = YES;
				CLANG_WARN_BOOL_CONVERSION = YES;
				CLANG_WARN_CONSTANT_CONVERSION = YES;
				CLANG_WARN_DIRECT_OBJC_ISA_USAGE = YES_ERROR;
				CLANG_WARN_DOCUMENTATION_COMMENTS = YES;
				CLANG_WARN_EMPTY_BODY = YES;
				CLANG_WARN_ENUM_CONVERSION = YES;
				CLANG_WARN_INFINITE_RECURSION = YES;
				CLANG_WARN_INT_CONVERSION = YES;
				CLANG_WARN_OBJC_ROOT_CLASS = YES_ERROR;
				CLANG_WARN_SUSPICIOUS_MOVE = YES;
				CLANG_WARN_UNREACHABLE_CODE = YES;
				CLANG_WARN__DUPLICATE_METHOD_MATCH = YES;
				"CODE_SIGN_IDENTITY[sdk=iphoneos*]" = "iPhone Developer";
				COPY_PHASE_STRIP = NO;
				DEBUG_INFORMATION_FORMAT = "dwarf-with-dsym";
				ENABLE_NS_ASSERTIONS = NO;
				ENABLE_STRICT_OBJC_MSGSEND = YES;
				GCC_C_LANGUAGE_STANDARD = gnu99;
				GCC_NO_COMMON_BLOCKS = YES;
				GCC_WARN_64_TO_32_BIT_CONVERSION = YES;
				GCC_WARN_ABOUT_RETURN_TYPE = YES_ERROR;
				GCC_WARN_UNDECLARED_SELECTOR = YES;
				GCC_WARN_UNINITIALIZED_AUTOS = YES_AGGRESSIVE;
				GCC_WARN_UNUSED_FUNCTION = YES;
				GCC_WARN_UNUSED_VARIABLE = YES;
				IPHONEOS_DEPLOYMENT_TARGET = 10.3;
				MTL_ENABLE_DEBUG_INFO = NO;
				SDKROOT = iphoneos;
				TARGETED_DEVICE_FAMILY = "1,2";
				VALIDATE_PRODUCT = YES;
			};
			name = Release;
		};
		933396481EF2A1D500C5A1B7 /* Debug */ = {
			isa = XCBuildConfiguration;
			baseConfigurationReference = EACE510EEC1CBDDAD9BE4FD0 /* Pods-demoForAnimation.debug.xcconfig */;
			buildSettings = {
				ASSETCATALOG_COMPILER_APPICON_NAME = AppIcon;
				DEVELOPMENT_TEAM = 24UV6VXUR4;
				INFOPLIST_FILE = demoForAnimation/Info.plist;
				LD_RUNPATH_SEARCH_PATHS = "$(inherited) @executable_path/Frameworks";
				PRODUCT_BUNDLE_IDENTIFIER = com.storyboard.test.demoForAnimation;
				PRODUCT_NAME = "$(TARGET_NAME)";
			};
			name = Debug;
		};
		933396491EF2A1D500C5A1B7 /* Release */ = {
			isa = XCBuildConfiguration;
			baseConfigurationReference = B8780391D235C6A6D05EDF09 /* Pods-demoForAnimation.release.xcconfig */;
			buildSettings = {
				ASSETCATALOG_COMPILER_APPICON_NAME = AppIcon;
				DEVELOPMENT_TEAM = 24UV6VXUR4;
				INFOPLIST_FILE = demoForAnimation/Info.plist;
				LD_RUNPATH_SEARCH_PATHS = "$(inherited) @executable_path/Frameworks";
				PRODUCT_BUNDLE_IDENTIFIER = com.storyboard.test.demoForAnimation;
				PRODUCT_NAME = "$(TARGET_NAME)";
			};
			name = Release;
		};
		9333964B1EF2A1D500C5A1B7 /* Debug */ = {
			isa = XCBuildConfiguration;
			buildSettings = {
				BUNDLE_LOADER = "$(TEST_HOST)";
				DEVELOPMENT_TEAM = 24UV6VXUR4;
				INFOPLIST_FILE = demoForAnimationTests/Info.plist;
				LD_RUNPATH_SEARCH_PATHS = "$(inherited) @executable_path/Frameworks @loader_path/Frameworks";
				PRODUCT_BUNDLE_IDENTIFIER = com.storyboard.test.demoForAnimationTests;
				PRODUCT_NAME = "$(TARGET_NAME)";
				TEST_HOST = "$(BUILT_PRODUCTS_DIR)/demoForAnimation.app/demoForAnimation";
			};
			name = Debug;
		};
		9333964C1EF2A1D500C5A1B7 /* Release */ = {
			isa = XCBuildConfiguration;
			buildSettings = {
				BUNDLE_LOADER = "$(TEST_HOST)";
				DEVELOPMENT_TEAM = 24UV6VXUR4;
				INFOPLIST_FILE = demoForAnimationTests/Info.plist;
				LD_RUNPATH_SEARCH_PATHS = "$(inherited) @executable_path/Frameworks @loader_path/Frameworks";
				PRODUCT_BUNDLE_IDENTIFIER = com.storyboard.test.demoForAnimationTests;
				PRODUCT_NAME = "$(TARGET_NAME)";
				TEST_HOST = "$(BUILT_PRODUCTS_DIR)/demoForAnimation.app/demoForAnimation";
			};
			name = Release;
		};
		9333964E1EF2A1D500C5A1B7 /* Debug */ = {
			isa = XCBuildConfiguration;
			buildSettings = {
				DEVELOPMENT_TEAM = 24UV6VXUR4;
				INFOPLIST_FILE = demoForAnimationUITests/Info.plist;
				LD_RUNPATH_SEARCH_PATHS = "$(inherited) @executable_path/Frameworks @loader_path/Frameworks";
				PRODUCT_BUNDLE_IDENTIFIER = com.storyboard.test.demoForAnimationUITests;
				PRODUCT_NAME = "$(TARGET_NAME)";
				TEST_TARGET_NAME = demoForAnimation;
			};
			name = Debug;
		};
		9333964F1EF2A1D500C5A1B7 /* Release */ = {
			isa = XCBuildConfiguration;
			buildSettings = {
				DEVELOPMENT_TEAM = 24UV6VXUR4;
				INFOPLIST_FILE = demoForAnimationUITests/Info.plist;
				LD_RUNPATH_SEARCH_PATHS = "$(inherited) @executable_path/Frameworks @loader_path/Frameworks";
				PRODUCT_BUNDLE_IDENTIFIER = com.storyboard.test.demoForAnimationUITests;
				PRODUCT_NAME = "$(TARGET_NAME)";
				TEST_TARGET_NAME = demoForAnimation;
			};
			name = Release;
		};
/* End XCBuildConfiguration section */

/* Begin XCConfigurationList section */
		933396151EF2A1D400C5A1B7 /* Build configuration list for PBXProject "demoForAnimation" */ = {
			isa = XCConfigurationList;
			buildConfigurations = (
				933396451EF2A1D500C5A1B7 /* Debug */,
				933396461EF2A1D500C5A1B7 /* Release */,
			);
			defaultConfigurationIsVisible = 0;
			defaultConfigurationName = Release;
		};
		933396471EF2A1D500C5A1B7 /* Build configuration list for PBXNativeTarget "demoForAnimation" */ = {
			isa = XCConfigurationList;
			buildConfigurations = (
				933396481EF2A1D500C5A1B7 /* Debug */,
				933396491EF2A1D500C5A1B7 /* Release */,
			);
			defaultConfigurationIsVisible = 0;
			defaultConfigurationName = Release;
		};
		9333964A1EF2A1D500C5A1B7 /* Build configuration list for PBXNativeTarget "demoForAnimationTests" */ = {
			isa = XCConfigurationList;
			buildConfigurations = (
				9333964B1EF2A1D500C5A1B7 /* Debug */,
				9333964C1EF2A1D500C5A1B7 /* Release */,
			);
			defaultConfigurationIsVisible = 0;
			defaultConfigurationName = Release;
		};
		9333964D1EF2A1D500C5A1B7 /* Build configuration list for PBXNativeTarget "demoForAnimationUITests" */ = {
			isa = XCConfigurationList;
			buildConfigurations = (
				9333964E1EF2A1D500C5A1B7 /* Debug */,
				9333964F1EF2A1D500C5A1B7 /* Release */,
			);
			defaultConfigurationIsVisible = 0;
			defaultConfigurationName = Release;
		};
/* End XCConfigurationList section */
	};
	rootObject = 933396121EF2A1D400C5A1B7 /* Project object */;
}
